# THIS IS AN AUTOGENERATED FILE. DO NOT EDIT THIS FILE DIRECTLY.
# yarn lockfile v1


fast-xml-parser@^3.17.6:
  version "3.17.6"
  resolved "https://registry.npmjs.org/fast-xml-parser/-/fast-xml-parser-3.17.6.tgz#4f5df8cf927c3e59a10362abcfb7335c34bc5c5f"
  integrity sha512-40WHI/5d2MOzf1sD2bSaTXlPn1lueJLAX6j1xH5dSAr6tNeut8B9ktEL6sjAK9yVON4uNj9//axOdBJUuruCzw==

qs@^6.9.4:
  version "6.9.4"
  resolved "https://registry.npmjs.org/qs/-/qs-6.9.4.tgz#9090b290d1f91728d3c22e54843ca44aea5ab687"
  integrity sha512-A1kFqHekCTM7cz0udomYUoYNWjBebHm/5wzU/XqrBRBNWectVH0QIiN+NEcZ0Dte5hvzHwbr8+XQmguPhJ6WdQ==
