# THIS IS AN AUTOGENERATED FILE. DO NOT EDIT THIS FILE DIRECTLY.
# yarn lockfile v1


"@mapgis/mapbox-gl@^1.9.4":
  version "1.9.4"
  resolved "https://registry.npmjs.org/@mapgis/mapbox-gl/-/mapbox-gl-1.9.4.tgz#9e77920e5bc130441bed8b0c9fea6b5d5a779b99"
  integrity sha512-4ngnDVmgiXwodQVXFay6RrghE6He39UXsmwrkeiB+srYv3cMN5J3GZ/63CbX4ZmyLkUJ5cj84hBc2FytTeLqaQ==

babel-plugin-external-helpers@^6.22.0:
  version "6.22.0"
  resolved "https://registry.npmjs.org/babel-plugin-external-helpers/-/babel-plugin-external-helpers-6.22.0.tgz#2285f48b02bd5dede85175caf8c62e86adccefa1"
  integrity sha1-IoX0iwK9Xe3oUXXK+MYuhq3M76E=
  dependencies:
    babel-runtime "^6.22.0"

babel-runtime@^6.22.0:
  version "6.26.0"
  resolved "https://registry.npmjs.org/babel-runtime/-/babel-runtime-6.26.0.tgz#965c7058668e82b55d7bfe04ff2337bc8b5647fe"
  integrity sha1-llxwWGaOgrVde/4E/yM3vItWR/4=
  dependencies:
    core-js "^2.4.0"
    regenerator-runtime "^0.11.0"

core-js@^2.4.0:
  version "2.6.11"
  resolved "https://registry.npmjs.org/core-js/-/core-js-2.6.11.tgz#38831469f9922bded8ee21c9dc46985e0399308c"
  integrity sha512-5wjnpaT/3dV+XB4borEsnAYQchn00XSgTAWKDkEqv+K8KevjbzmofK6hfJ9TZIlpj2N0xQpazy7PiRQiWHqzWg==

echarts@^4.8.0:
  version "4.8.0"
  resolved "https://registry.npmjs.org/echarts/-/echarts-4.8.0.tgz#b2c1cfb9229b13d368ee104fc8eea600b574d4c4"
  integrity sha512-YwShpug8fWngj/RlgxDaYrLBoD+LsZUArrusjNPHpAF+is+gGe38xx4W848AwWMGoi745t3OXM52JedNrv+F6g==
  dependencies:
    zrender "4.3.1"

mapv@^2.0.56:
  version "2.0.56"
  resolved "https://registry.npmjs.org/mapv/-/mapv-2.0.56.tgz#09133d292ae252d148063752e96b7ccde51810fd"
  integrity sha512-+wqaoggR9Bc5WPFpZXJ+yOSX9P9/IEH+cZeIVyfWZ7v8ktAhdt1Bl67PfUGGg7R4Wzu51ptlm9qt5L6kS/Y90w==
  dependencies:
    babel-plugin-external-helpers "^6.22.0"

regenerator-runtime@^0.11.0:
  version "0.11.1"
  resolved "https://registry.npmjs.org/regenerator-runtime/-/regenerator-runtime-0.11.1.tgz#be05ad7f9bf7d22e056f9726cee5017fbf19e2e9"
  integrity sha512-MguG95oij0fC3QV3URf4V2SDYGJhJnJGqvIIgdECeODCT98wSWDAJ94SSuVpYQUoTcGUIL6L4yNB7j1DFFHSBg==

zrender@4.3.1:
  version "4.3.1"
  resolved "https://registry.npmjs.org/zrender/-/zrender-4.3.1.tgz#baf8aa6dc8187a2f819692d7d5f9bedfa2b90fa3"
  integrity sha512-CeH2TpJeCdG0TAGYoPSAcFX2ogdug1K7LIn9UO/q9HWqQ54gWhrMAlDP9AwWYMUDhrPe4VeazQ4DW3msD96nUQ==
